
Microsoft Visual Studio Solution File, Format Version 12.00
# Visual Studio Version 16
VisualStudioVersion = 16.0.29230.47
MinimumVisualStudioVersion = 10.0.40219.1
Project("{9A19103F-16F7-4668-BE54-9A1E7A4F7556}") = "Marketplace.Common", "src\Marketplace.Common\Marketplace.Common.csproj", "{487E6294-64B7-4D14-A906-71513D5C49E4}"
EndProject
Project("{9A19103F-16F7-4668-BE54-9A1E7A4F7556}") = "Marketplace.Orchestration", "src\Orchestration.Functions\Marketplace.Orchestration\Marketplace.Orchestration.csproj", "{89B54103-D77D-460A-8307-BEF82776A78F}"
EndProject
Project("{9A19103F-16F7-4668-BE54-9A1E7A4F7556}") = "Orchestration.Tests", "src\Orchestration.Tests\Orchestration.Tests.csproj", "{83EA5B3A-2658-47AA-BEFC-8AA760D7FA4D}"
EndProject
Project("{9A19103F-16F7-4668-BE54-9A1E7A4F7556}") = "Marketplace.API", "src\Marketplace.API\Marketplace.API.csproj", "{BCC741E1-26B7-4AB3-9CA4-D74128C5EB10}"
EndProject
Project("{9A19103F-16F7-4668-BE54-9A1E7A4F7556}") = "Marketplace.Tests", "src\Marketplace.Tests\Marketplace.Tests.csproj", "{2EA2D109-DC88-4199-BDFF-383D084C3C86}"
EndProject
Project("{9A19103F-16F7-4668-BE54-9A1E7A4F7556}") = "Marketplace.Models", "src\Marketplace.Models\Marketplace.Models.csproj", "{D35D5FCC-FD41-4B28-9B62-4FF24C8271C4}"
EndProject
Project("{2150E333-8FDC-42A3-9474-1A3956D46DE8}") = "Tests", "Tests", "{0B969DE0-4342-474E-A83B-BF34DAF05600}"
EndProject
Project("{2150E333-8FDC-42A3-9474-1A3956D46DE8}") = "SolutionItems", "SolutionItems", "{914CFF67-B4A4-464F-B3DB-23A8B09F88E2}"
	ProjectSection(SolutionItems) = preProject
		nuget.config = nuget.config
	EndProjectSection
EndProject
Project("{9A19103F-16F7-4668-BE54-9A1E7A4F7556}") = "ordercloud.integrations.library", "src\ordercloud.integrations.library\ordercloud.integrations.library.csproj", "{854B7782-2147-4820-9237-86AE4FE741D5}"
EndProject
Project("{9A19103F-16F7-4668-BE54-9A1E7A4F7556}") = "ordercloud.integrations.exchangerates", "src\ordercloud.integrations.exchangerates\ordercloud.integrations.exchangerates.csproj", "{D1C77C25-FC09-4E94-BF8A-35D55967ABE9}"
EndProject
Project("{9A19103F-16F7-4668-BE54-9A1E7A4F7556}") = "ordercloud.integrations.cardconnect", "src\ordercloud.integrations.cardconnect\ordercloud.integrations.cardconnect.csproj", "{5C320131-2000-4FCB-BCF6-0F8E62D52BCF}"
EndProject
Project("{9A19103F-16F7-4668-BE54-9A1E7A4F7556}") = "ordercloud.integrations.avalara", "src\ordercloud.integrations.avalara\ordercloud.integrations.avalara.csproj", "{818EB883-B66B-4B88-8267-9CF196D05D8B}"
EndProject
Project("{9A19103F-16F7-4668-BE54-9A1E7A4F7556}") = "ordercloud.integrations.cms", "src\ordercloud.integrations.cms\ordercloud.integrations.cms.csproj", "{F57B6A48-973C-4C1B-A838-4488BFAB8EBA}"
EndProject
Project("{9A19103F-16F7-4668-BE54-9A1E7A4F7556}") = "ordercloud.integrations.smartystreets", "src\ordercloud-integrations-smartystreets\ordercloud.integrations.smartystreets.csproj", "{237BAFE6-2F8B-418A-8A50-026885ABC4CC}"
EndProject
Global
	GlobalSection(SolutionConfigurationPlatforms) = preSolution
		Debug|Any CPU = Debug|Any CPU
		Release|Any CPU = Release|Any CPU
	EndGlobalSection
	GlobalSection(ProjectConfigurationPlatforms) = postSolution
		{487E6294-64B7-4D14-A906-71513D5C49E4}.Debug|Any CPU.ActiveCfg = Debug|Any CPU
		{487E6294-64B7-4D14-A906-71513D5C49E4}.Debug|Any CPU.Build.0 = Debug|Any CPU
		{487E6294-64B7-4D14-A906-71513D5C49E4}.Release|Any CPU.ActiveCfg = Release|Any CPU
		{487E6294-64B7-4D14-A906-71513D5C49E4}.Release|Any CPU.Build.0 = Release|Any CPU
		{89B54103-D77D-460A-8307-BEF82776A78F}.Debug|Any CPU.ActiveCfg = Debug|Any CPU
		{89B54103-D77D-460A-8307-BEF82776A78F}.Debug|Any CPU.Build.0 = Debug|Any CPU
		{89B54103-D77D-460A-8307-BEF82776A78F}.Release|Any CPU.ActiveCfg = Release|Any CPU
		{89B54103-D77D-460A-8307-BEF82776A78F}.Release|Any CPU.Build.0 = Release|Any CPU
		{83EA5B3A-2658-47AA-BEFC-8AA760D7FA4D}.Debug|Any CPU.ActiveCfg = Debug|Any CPU
		{83EA5B3A-2658-47AA-BEFC-8AA760D7FA4D}.Debug|Any CPU.Build.0 = Debug|Any CPU
		{83EA5B3A-2658-47AA-BEFC-8AA760D7FA4D}.Release|Any CPU.ActiveCfg = Release|Any CPU
		{83EA5B3A-2658-47AA-BEFC-8AA760D7FA4D}.Release|Any CPU.Build.0 = Release|Any CPU
		{BCC741E1-26B7-4AB3-9CA4-D74128C5EB10}.Debug|Any CPU.ActiveCfg = Debug|Any CPU
		{BCC741E1-26B7-4AB3-9CA4-D74128C5EB10}.Debug|Any CPU.Build.0 = Debug|Any CPU
		{BCC741E1-26B7-4AB3-9CA4-D74128C5EB10}.Release|Any CPU.ActiveCfg = Release|Any CPU
		{BCC741E1-26B7-4AB3-9CA4-D74128C5EB10}.Release|Any CPU.Build.0 = Release|Any CPU
		{2EA2D109-DC88-4199-BDFF-383D084C3C86}.Debug|Any CPU.ActiveCfg = Debug|Any CPU
		{2EA2D109-DC88-4199-BDFF-383D084C3C86}.Debug|Any CPU.Build.0 = Debug|Any CPU
		{2EA2D109-DC88-4199-BDFF-383D084C3C86}.Release|Any CPU.ActiveCfg = Release|Any CPU
		{2EA2D109-DC88-4199-BDFF-383D084C3C86}.Release|Any CPU.Build.0 = Release|Any CPU
		{D35D5FCC-FD41-4B28-9B62-4FF24C8271C4}.Debug|Any CPU.ActiveCfg = Debug|Any CPU
		{D35D5FCC-FD41-4B28-9B62-4FF24C8271C4}.Debug|Any CPU.Build.0 = Debug|Any CPU
		{D35D5FCC-FD41-4B28-9B62-4FF24C8271C4}.Release|Any CPU.ActiveCfg = Release|Any CPU
		{D35D5FCC-FD41-4B28-9B62-4FF24C8271C4}.Release|Any CPU.Build.0 = Release|Any CPU
		{854B7782-2147-4820-9237-86AE4FE741D5}.Debug|Any CPU.ActiveCfg = Debug|Any CPU
		{854B7782-2147-4820-9237-86AE4FE741D5}.Debug|Any CPU.Build.0 = Debug|Any CPU
		{854B7782-2147-4820-9237-86AE4FE741D5}.Release|Any CPU.ActiveCfg = Release|Any CPU
		{854B7782-2147-4820-9237-86AE4FE741D5}.Release|Any CPU.Build.0 = Release|Any CPU
		{D1C77C25-FC09-4E94-BF8A-35D55967ABE9}.Debug|Any CPU.ActiveCfg = Debug|Any CPU
		{D1C77C25-FC09-4E94-BF8A-35D55967ABE9}.Debug|Any CPU.Build.0 = Debug|Any CPU
		{D1C77C25-FC09-4E94-BF8A-35D55967ABE9}.Release|Any CPU.ActiveCfg = Release|Any CPU
		{D1C77C25-FC09-4E94-BF8A-35D55967ABE9}.Release|Any CPU.Build.0 = Release|Any CPU
		{5C320131-2000-4FCB-BCF6-0F8E62D52BCF}.Debug|Any CPU.ActiveCfg = Debug|Any CPU
		{5C320131-2000-4FCB-BCF6-0F8E62D52BCF}.Debug|Any CPU.Build.0 = Debug|Any CPU
		{5C320131-2000-4FCB-BCF6-0F8E62D52BCF}.Release|Any CPU.ActiveCfg = Release|Any CPU
		{5C320131-2000-4FCB-BCF6-0F8E62D52BCF}.Release|Any CPU.Build.0 = Release|Any CPU
		{818EB883-B66B-4B88-8267-9CF196D05D8B}.Debug|Any CPU.ActiveCfg = Debug|Any CPU
		{818EB883-B66B-4B88-8267-9CF196D05D8B}.Debug|Any CPU.Build.0 = Debug|Any CPU
		{818EB883-B66B-4B88-8267-9CF196D05D8B}.Release|Any CPU.ActiveCfg = Release|Any CPU
		{818EB883-B66B-4B88-8267-9CF196D05D8B}.Release|Any CPU.Build.0 = Release|Any CPU
		{F57B6A48-973C-4C1B-A838-4488BFAB8EBA}.Debug|Any CPU.ActiveCfg = Debug|Any CPU
		{F57B6A48-973C-4C1B-A838-4488BFAB8EBA}.Debug|Any CPU.Build.0 = Debug|Any CPU
		{F57B6A48-973C-4C1B-A838-4488BFAB8EBA}.Release|Any CPU.ActiveCfg = Release|Any CPU
		{F57B6A48-973C-4C1B-A838-4488BFAB8EBA}.Release|Any CPU.Build.0 = Release|Any CPU
		{237BAFE6-2F8B-418A-8A50-026885ABC4CC}.Debug|Any CPU.ActiveCfg = Debug|Any CPU
		{237BAFE6-2F8B-418A-8A50-026885ABC4CC}.Debug|Any CPU.Build.0 = Debug|Any CPU
		{237BAFE6-2F8B-418A-8A50-026885ABC4CC}.Release|Any CPU.ActiveCfg = Release|Any CPU
		{237BAFE6-2F8B-418A-8A50-026885ABC4CC}.Release|Any CPU.Build.0 = Release|Any CPU
	EndGlobalSection
	GlobalSection(SolutionProperties) = preSolution
		HideSolutionNode = FALSE
	EndGlobalSection
	GlobalSection(NestedProjects) = preSolution
		{83EA5B3A-2658-47AA-BEFC-8AA760D7FA4D} = {0B969DE0-4342-474E-A83B-BF34DAF05600}
		{2EA2D109-DC88-4199-BDFF-383D084C3C86} = {0B969DE0-4342-474E-A83B-BF34DAF05600}
	EndGlobalSection
	GlobalSection(ExtensibilityGlobals) = postSolution
		SolutionGuid = {D28C7C46-780F-4A68-80B8-9789997A37F7}
	EndGlobalSection
EndGlobal
