
Microsoft Visual Studio Solution File, Format Version 12.00
# Visual Studio Version 16
VisualStudioVersion = 16.0.29230.47
MinimumVisualStudioVersion = 10.0.40219.1
Project("{9A19103F-16F7-4668-BE54-9A1E7A4F7556}") = "Marketplace.Common", "src\Marketplace.Common\Marketplace.Common.csproj", "{487E6294-64B7-4D14-A906-71513D5C49E4}"
EndProject
Project("{9A19103F-16F7-4668-BE54-9A1E7A4F7556}") = "Marketplace.Orchestration", "src\Orchestration.Functions\Marketplace.Orchestration\Marketplace.Orchestration.csproj", "{89B54103-D77D-460A-8307-BEF82776A78F}"
EndProject
Project("{9A19103F-16F7-4668-BE54-9A1E7A4F7556}") = "Orchestration.Tests", "src\Orchestration.Tests\Orchestration.Tests.csproj", "{83EA5B3A-2658-47AA-BEFC-8AA760D7FA4D}"
EndProject
Project("{9A19103F-16F7-4668-BE54-9A1E7A4F7556}") = "Marketplace.API", "src\Marketplace.API\Marketplace.API.csproj", "{BCC741E1-26B7-4AB3-9CA4-D74128C5EB10}"
EndProject
Project("{9A19103F-16F7-4668-BE54-9A1E7A4F7556}") = "Marketplace.Tests", "Marketplace.Tests\Marketplace.Tests.csproj", "{2EA2D109-DC88-4199-BDFF-383D084C3C86}"
EndProject
Project("{9A19103F-16F7-4668-BE54-9A1E7A4F7556}") = "Marketplace.Shipping", "src\Marketplace.Shipping\Marketplace.Shipping.csproj", "{D0CC704C-3BD0-4197-A87A-539380E1F379}"
EndProject
Project("{9A19103F-16F7-4668-BE54-9A1E7A4F7556}") = "Marketplace.CardConnect", "src\Marketplace.CardConnect\Marketplace.CardConnect.csproj", "{8AE1D292-C943-4148-9109-A6B69BA8195B}"
EndProject
Project("{9A19103F-16F7-4668-BE54-9A1E7A4F7556}") = "Marketplace.Models", "src\Marketplace.Models\Marketplace.Models.csproj", "{D35D5FCC-FD41-4B28-9B62-4FF24C8271C4}"
EndProject
Project("{9A19103F-16F7-4668-BE54-9A1E7A4F7556}") = "Marketplace.ShippingQuery", "Marketplace.ShippingQuery\Marketplace.ShippingQuery.csproj", "{958405DA-516E-462E-A183-6FEA82677E17}"
EndProject
Project("{9A19103F-16F7-4668-BE54-9A1E7A4F7556}") = "Marketplace.Helpers", "..\..\..\oc-marketplace-helpers.steve.davis\src\Marketplace.Helpers\Marketplace.Helpers.csproj", "{4F84B199-34AF-498A-90E6-A298204BCBD1}"
EndProject
Global
	GlobalSection(SolutionConfigurationPlatforms) = preSolution
		Debug|Any CPU = Debug|Any CPU
		Release|Any CPU = Release|Any CPU
	EndGlobalSection
	GlobalSection(ProjectConfigurationPlatforms) = postSolution
		{487E6294-64B7-4D14-A906-71513D5C49E4}.Debug|Any CPU.ActiveCfg = Debug|Any CPU
		{487E6294-64B7-4D14-A906-71513D5C49E4}.Debug|Any CPU.Build.0 = Debug|Any CPU
		{487E6294-64B7-4D14-A906-71513D5C49E4}.Release|Any CPU.ActiveCfg = Release|Any CPU
		{487E6294-64B7-4D14-A906-71513D5C49E4}.Release|Any CPU.Build.0 = Release|Any CPU
		{89B54103-D77D-460A-8307-BEF82776A78F}.Debug|Any CPU.ActiveCfg = Debug|Any CPU
		{89B54103-D77D-460A-8307-BEF82776A78F}.Debug|Any CPU.Build.0 = Debug|Any CPU
		{89B54103-D77D-460A-8307-BEF82776A78F}.Release|Any CPU.ActiveCfg = Release|Any CPU
		{89B54103-D77D-460A-8307-BEF82776A78F}.Release|Any CPU.Build.0 = Release|Any CPU
		{83EA5B3A-2658-47AA-BEFC-8AA760D7FA4D}.Debug|Any CPU.ActiveCfg = Debug|Any CPU
		{83EA5B3A-2658-47AA-BEFC-8AA760D7FA4D}.Debug|Any CPU.Build.0 = Debug|Any CPU
		{83EA5B3A-2658-47AA-BEFC-8AA760D7FA4D}.Release|Any CPU.ActiveCfg = Release|Any CPU
		{83EA5B3A-2658-47AA-BEFC-8AA760D7FA4D}.Release|Any CPU.Build.0 = Release|Any CPU
		{BCC741E1-26B7-4AB3-9CA4-D74128C5EB10}.Debug|Any CPU.ActiveCfg = Debug|Any CPU
		{BCC741E1-26B7-4AB3-9CA4-D74128C5EB10}.Debug|Any CPU.Build.0 = Debug|Any CPU
		{BCC741E1-26B7-4AB3-9CA4-D74128C5EB10}.Release|Any CPU.ActiveCfg = Release|Any CPU
		{BCC741E1-26B7-4AB3-9CA4-D74128C5EB10}.Release|Any CPU.Build.0 = Release|Any CPU
		{2EA2D109-DC88-4199-BDFF-383D084C3C86}.Debug|Any CPU.ActiveCfg = Debug|Any CPU
		{2EA2D109-DC88-4199-BDFF-383D084C3C86}.Debug|Any CPU.Build.0 = Debug|Any CPU
		{2EA2D109-DC88-4199-BDFF-383D084C3C86}.Release|Any CPU.ActiveCfg = Release|Any CPU
		{2EA2D109-DC88-4199-BDFF-383D084C3C86}.Release|Any CPU.Build.0 = Release|Any CPU
		{D0CC704C-3BD0-4197-A87A-539380E1F379}.Debug|Any CPU.ActiveCfg = Debug|Any CPU
		{D0CC704C-3BD0-4197-A87A-539380E1F379}.Debug|Any CPU.Build.0 = Debug|Any CPU
		{D0CC704C-3BD0-4197-A87A-539380E1F379}.Release|Any CPU.ActiveCfg = Release|Any CPU
		{D0CC704C-3BD0-4197-A87A-539380E1F379}.Release|Any CPU.Build.0 = Release|Any CPU
		{8AE1D292-C943-4148-9109-A6B69BA8195B}.Debug|Any CPU.ActiveCfg = Debug|Any CPU
		{8AE1D292-C943-4148-9109-A6B69BA8195B}.Debug|Any CPU.Build.0 = Debug|Any CPU
		{8AE1D292-C943-4148-9109-A6B69BA8195B}.Release|Any CPU.ActiveCfg = Release|Any CPU
		{8AE1D292-C943-4148-9109-A6B69BA8195B}.Release|Any CPU.Build.0 = Release|Any CPU
		{D35D5FCC-FD41-4B28-9B62-4FF24C8271C4}.Debug|Any CPU.ActiveCfg = Debug|Any CPU
		{D35D5FCC-FD41-4B28-9B62-4FF24C8271C4}.Debug|Any CPU.Build.0 = Debug|Any CPU
		{D35D5FCC-FD41-4B28-9B62-4FF24C8271C4}.Release|Any CPU.ActiveCfg = Release|Any CPU
		{D35D5FCC-FD41-4B28-9B62-4FF24C8271C4}.Release|Any CPU.Build.0 = Release|Any CPU
		{958405DA-516E-462E-A183-6FEA82677E17}.Debug|Any CPU.ActiveCfg = Debug|Any CPU
		{958405DA-516E-462E-A183-6FEA82677E17}.Debug|Any CPU.Build.0 = Debug|Any CPU
		{958405DA-516E-462E-A183-6FEA82677E17}.Release|Any CPU.ActiveCfg = Release|Any CPU
		{958405DA-516E-462E-A183-6FEA82677E17}.Release|Any CPU.Build.0 = Release|Any CPU
		{4F84B199-34AF-498A-90E6-A298204BCBD1}.Debug|Any CPU.ActiveCfg = Debug|Any CPU
		{4F84B199-34AF-498A-90E6-A298204BCBD1}.Debug|Any CPU.Build.0 = Debug|Any CPU
		{4F84B199-34AF-498A-90E6-A298204BCBD1}.Release|Any CPU.ActiveCfg = Release|Any CPU
		{4F84B199-34AF-498A-90E6-A298204BCBD1}.Release|Any CPU.Build.0 = Release|Any CPU
	EndGlobalSection
	GlobalSection(SolutionProperties) = preSolution
		HideSolutionNode = FALSE
	EndGlobalSection
	GlobalSection(ExtensibilityGlobals) = postSolution
		SolutionGuid = {D28C7C46-780F-4A68-80B8-9789997A37F7}
	EndGlobalSection
EndGlobal
