{
  "name": "shopper-context-interface",
  "version": "1.0.0",
  "lockfileVersion": 1,
  "requires": true,
  "dependencies": {
    "@angular/common": {
      "version": "8.2.8",
      "resolved": "https://registry.npmjs.org/@angular/common/-/common-8.2.8.tgz",
      "integrity": "sha512-kfwf/NBWrHCusOb9JKlkAURlbeOSy3wfr2Hhj2SanudTbNpR1aInnwNYl1ZOHKSVHHvZOrpm2iuUEhDdN5DQgg==",
      "requires": {
        "tslib": "^1.9.0"
      }
    },
    "@angular/core": {
      "version": "8.2.8",
      "resolved": "https://registry.npmjs.org/@angular/core/-/core-8.2.8.tgz",
      "integrity": "sha512-LlHgqlDCt+vO/B6LBZtDfSrzTqaB5w/gp3ZWUVrPjeY5GDky6P0ZSVTnRL/uUi49wBFJehMaNoGEoORqnQBOLA==",
      "requires": {
        "tslib": "^1.9.0"
      }
    },
    "@ordercloud/angular-sdk": {
      "version": "0.0.1-26",
      "resolved": "https://registry.npmjs.org/@ordercloud/angular-sdk/-/angular-sdk-0.0.1-26.tgz",
      "integrity": "sha512-dUeDW1hoHZaWbvGrguuXcjrSiLoTJPhZSgbsK5tMy3u3ak13jrbk1TaAtIOiYi5mGoOHfKdzEbWLBIn2nu/xcw=="
    },
    "ngx-cookie": {
      "version": "4.1.2",
      "resolved": "https://registry.npmjs.org/ngx-cookie/-/ngx-cookie-4.1.2.tgz",
      "integrity": "sha512-BU3q+116mSQZvf8WsnKDxyWFy10LtxSvZz1YIjD7pmaSFpiKdWmHTHn0qLgm3OoIL9TfInQ7Ij46rKJWPD+4Kw==",
      "requires": {
        "tslib": "^1.9.0"
      }
    },
    "rxjs": {
      "version": "6.5.3",
      "resolved": "https://registry.npmjs.org/rxjs/-/rxjs-6.5.3.tgz",
      "integrity": "sha512-wuYsAYYFdWTAnAaPoKGNhfpWwKZbJW+HgAJ+mImp+Epl7BG8oNWBCTyRM8gba9k4lk8BgWdoYm21Mo/RYhhbgA==",
      "requires": {
        "tslib": "^1.9.0"
      }
    },
    "tslib": {
      "version": "1.10.0",
      "resolved": "https://registry.npmjs.org/tslib/-/tslib-1.10.0.tgz",
      "integrity": "sha512-qOebF53frne81cf0S9B41ByenJ3/IuH8yJKngAX35CmiZySA0khhkovshKK+jGCaMnVomla7gVlIcc3EvKPbTQ=="
    }
  }
}
